// !$*UTF8*$!
{
	archiveVersion = 1;
	classes = {
	};
	objectVersion = 46;
	objects = {

/* Begin PBXBuildFile section */
		1BDCDD961B7D697800B171C2 /* AppDelegate.swift in Sources */ = {isa = PBXBuildFile; fileRef = 1BDCDD951B7D697800B171C2 /* AppDelegate.swift */; };
		1BDCDD981B7D697800B171C2 /* ViewController.swift in Sources */ = {isa = PBXBuildFile; fileRef = 1BDCDD971B7D697800B171C2 /* ViewController.swift */; };
		1BDCDD9B1B7D697800B171C2 /* Main.storyboard in Resources */ = {isa = PBXBuildFile; fileRef = 1BDCDD991B7D697800B171C2 /* Main.storyboard */; };
		1BDCDD9D1B7D697800B171C2 /* Assets.xcassets in Resources */ = {isa = PBXBuildFile; fileRef = 1BDCDD9C1B7D697800B171C2 /* Assets.xcassets */; };
		1BDCDDA01B7D697800B171C2 /* LaunchScreen.storyboard in Resources */ = {isa = PBXBuildFile; fileRef = 1BDCDD9E1B7D697800B171C2 /* LaunchScreen.storyboard */; };
		1BDCDDAB1B7D697900B171C2 /* xcode_ciTests.swift in Sources */ = {isa = PBXBuildFile; fileRef = 1BDCDDAA1B7D697900B171C2 /* xcode_ciTests.swift */; };
/* End PBXBuildFile section */

/* Begin PBXContainerItemProxy section */
		1BDCDDA71B7D697900B171C2 /* PBXContainerItemProxy */ = {
			isa = PBXContainerItemProxy;
			containerPortal = 1BDCDD8A1B7D697800B171C2 /* Project object */;
			proxyType = 1;
			remoteGlobalIDString = 1BDCDD911B7D697800B171C2;
			remoteInfo = "xcode-ci";
		};
/* End PBXContainerItemProxy section */

/* Begin PBXFileReference section */
		1BDCDD921B7D697800B171C2 /* xcode-ci.app */ = {isa = PBXFileReference; explicitFileType = wrapper.application; includeInIndex = 0; path = "xcode-ci.app"; sourceTree = BUILT_PRODUCTS_DIR; };
		1BDCDD951B7D697800B171C2 /* AppDelegate.swift */ = {isa = PBXFileReference; lastKnownFileType = sourcecode.swift; path = AppDelegate.swift; sourceTree = "<group>"; };
		1BDCDD971B7D697800B171C2 /* ViewController.swift */ = {isa = PBXFileReference; lastKnownFileType = sourcecode.swift; path = ViewController.swift; sourceTree = "<group>"; };
		1BDCDD9A1B7D697800B171C2 /* Base */ = {isa = PBXFileReference; lastKnownFileType = file.storyboard; name = Base; path = Base.lproj/Main.storyboard; sourceTree = "<group>"; };
		1BDCDD9C1B7D697800B171C2 /* Assets.xcassets */ = {isa = PBXFileReference; lastKnownFileType = folder.assetcatalog; path = Assets.xcassets; sourceTree = "<group>"; };
		1BDCDD9F1B7D697800B171C2 /* Base */ = {isa = PBXFileReference; lastKnownFileType = file.storyboard; name = Base; path = Base.lproj/LaunchScreen.storyboard; sourceTree = "<group>"; };
		1BDCDDA11B7D697900B171C2 /* Info.plist */ = {isa = PBXFileReference; lastKnownFileType = text.plist.xml; path = Info.plist; sourceTree = "<group>"; };
		1BDCDDA61B7D697900B171C2 /* xcode-ciTests.xctest */ = {isa = PBXFileReference; explicitFileType = wrapper.cfbundle; includeInIndex = 0; path = "xcode-ciTests.xctest"; sourceTree = BUILT_PRODUCTS_DIR; };
		1BDCDDAA1B7D697900B171C2 /* xcode_ciTests.swift */ = {isa = PBXFileReference; lastKnownFileType = sourcecode.swift; path = xcode_ciTests.swift; sourceTree = "<group>"; };
		1BDCDDAC1B7D697900B171C2 /* Info.plist */ = {isa = PBXFileReference; lastKnownFileType = text.plist.xml; path = Info.plist; sourceTree = "<group>"; };
/* End PBXFileReference section */

/* Begin PBXFrameworksBuildPhase section */
		1BDCDD8F1B7D697800B171C2 /* Frameworks */ = {
			isa = PBXFrameworksBuildPhase;
			buildActionMask = 2147483647;
			files = (
			);
			runOnlyForDeploymentPostprocessing = 0;
		};
		1BDCDDA31B7D697900B171C2 /* Frameworks */ = {
			isa = PBXFrameworksBuildPhase;
			buildActionMask = 2147483647;
			files = (
			);
			runOnlyForDeploymentPostprocessing = 0;
		};
/* End PBXFrameworksBuildPhase section */

/* Begin PBXGroup section */
		1BDCDD891B7D697800B171C2 = {
			isa = PBXGroup;
			children = (
				1BDCDD941B7D697800B171C2 /* xcode-ci */,
				1BDCDDA91B7D697900B171C2 /* xcode-ciTests */,
				1BDCDD931B7D697800B171C2 /* Products */,
			);
			sourceTree = "<group>";
		};
		1BDCDD931B7D697800B171C2 /* Products */ = {
			isa = PBXGroup;
			children = (
				1BDCDD921B7D697800B171C2 /* xcode-ci.app */,
				1BDCDDA61B7D697900B171C2 /* xcode-ciTests.xctest */,
			);
			name = Products;
			sourceTree = "<group>";
		};
		1BDCDD941B7D697800B171C2 /* xcode-ci */ = {
			isa = PBXGroup;
			children = (
				1BDCDD951B7D697800B171C2 /* AppDelegate.swift */,
				1BDCDD971B7D697800B171C2 /* ViewController.swift */,
				1BDCDD991B7D697800B171C2 /* Main.storyboard */,
				1BDCDD9C1B7D697800B171C2 /* Assets.xcassets */,
				1BDCDD9E1B7D697800B171C2 /* LaunchScreen.storyboard */,
				1BDCDDA11B7D697900B171C2 /* Info.plist */,
			);
			path = "xcode-ci";
			sourceTree = "<group>";
		};
		1BDCDDA91B7D697900B171C2 /* xcode-ciTests */ = {
			isa = PBXGroup;
			children = (
				1BDCDDAA1B7D697900B171C2 /* xcode_ciTests.swift */,
				1BDCDDAC1B7D697900B171C2 /* Info.plist */,
			);
			path = "xcode-ciTests";
			sourceTree = "<group>";
		};
/* End PBXGroup section */

/* Begin PBXNativeTarget section */
		1BDCDD911B7D697800B171C2 /* xcode-ci */ = {
			isa = PBXNativeTarget;
			buildConfigurationList = 1BDCDDAF1B7D697900B171C2 /* Build configuration list for PBXNativeTarget "xcode-ci" */;
			buildPhases = (
				1BDCDD8E1B7D697800B171C2 /* Sources */,
				1BDCDD8F1B7D697800B171C2 /* Frameworks */,
				1BDCDD901B7D697800B171C2 /* Resources */,
			);
			buildRules = (
			);
			dependencies = (
			);
			name = "xcode-ci";
			productName = "xcode-ci";
			productReference = 1BDCDD921B7D697800B171C2 /* xcode-ci.app */;
			productType = "com.apple.product-type.application";
		};
		1BDCDDA51B7D697900B171C2 /* xcode-ciTests */ = {
			isa = PBXNativeTarget;
			buildConfigurationList = 1BDCDDB21B7D697900B171C2 /* Build configuration list for PBXNativeTarget "xcode-ciTests" */;
			buildPhases = (
				1BDCDDA21B7D697900B171C2 /* Sources */,
				1BDCDDA31B7D697900B171C2 /* Frameworks */,
				1BDCDDA41B7D697900B171C2 /* Resources */,
			);
			buildRules = (
			);
			dependencies = (
				1BDCDDA81B7D697900B171C2 /* PBXTargetDependency */,
			);
			name = "xcode-ciTests";
			productName = "xcode-ciTests";
			productReference = 1BDCDDA61B7D697900B171C2 /* xcode-ciTests.xctest */;
			productType = "com.apple.product-type.bundle.unit-test";
		};
/* End PBXNativeTarget section */

/* Begin PBXProject section */
		1BDCDD8A1B7D697800B171C2 /* Project object */ = {
			isa = PBXProject;
			attributes = {
				LastUpgradeCheck = 0700;
				ORGANIZATIONNAME = "Marko DiUS";
				TargetAttributes = {
					1BDCDD911B7D697800B171C2 = {
						CreatedOnToolsVersion = 7.0;
					};
					1BDCDDA51B7D697900B171C2 = {
						CreatedOnToolsVersion = 7.0;
						TestTargetID = 1BDCDD911B7D697800B171C2;
					};
				};
			};
			buildConfigurationList = 1BDCDD8D1B7D697800B171C2 /* Build configuration list for PBXProject "xcode-ci" */;
			compatibilityVersion = "Xcode 3.2";
			developmentRegion = English;
			hasScannedForEncodings = 0;
			knownRegions = (
				en,
				Base,
			);
			mainGroup = 1BDCDD891B7D697800B171C2;
			productRefGroup = 1BDCDD931B7D697800B171C2 /* Products */;
			projectDirPath = "";
			projectRoot = "";
			targets = (
				1BDCDD911B7D697800B171C2 /* xcode-ci */,
				1BDCDDA51B7D697900B171C2 /* xcode-ciTests */,
			);
		};
/* End PBXProject section */

/* Begin PBXResourcesBuildPhase section */
		1BDCDD901B7D697800B171C2 /* Resources */ = {
			isa = PBXResourcesBuildPhase;
			buildActionMask = 2147483647;
			files = (
				1BDCDDA01B7D697800B171C2 /* LaunchScreen.storyboard in Resources */,
				1BDCDD9D1B7D697800B171C2 /* Assets.xcassets in Resources */,
				1BDCDD9B1B7D697800B171C2 /* Main.storyboard in Resources */,
			);
			runOnlyForDeploymentPostprocessing = 0;
		};
		1BDCDDA41B7D697900B171C2 /* Resources */ = {
			isa = PBXResourcesBuildPhase;
			buildActionMask = 2147483647;
			files = (
			);
			runOnlyForDeploymentPostprocessing = 0;
		};
/* End PBXResourcesBuildPhase section */

/* Begin PBXSourcesBuildPhase section */
		1BDCDD8E1B7D697800B171C2 /* Sources */ = {
			isa = PBXSourcesBuildPhase;
			buildActionMask = 2147483647;
			files = (
				1BDCDD981B7D697800B171C2 /* ViewController.swift in Sources */,
				1BDCDD961B7D697800B171C2 /* AppDelegate.swift in Sources */,
			);
			runOnlyForDeploymentPostprocessing = 0;
		};
		1BDCDDA21B7D697900B171C2 /* Sources */ = {
			isa = PBXSourcesBuildPhase;
			buildActionMask = 2147483647;
			files = (
				1BDCDDAB1B7D697900B171C2 /* xcode_ciTests.swift in Sources */,
			);
			runOnlyForDeploymentPostprocessing = 0;
		};
/* End PBXSourcesBuildPhase section */

/* Begin PBXTargetDependency section */
		1BDCDDA81B7D697900B171C2 /* PBXTargetDependency */ = {
			isa = PBXTargetDependency;
			target = 1BDCDD911B7D697800B171C2 /* xcode-ci */;
			targetProxy = 1BDCDDA71B7D697900B171C2 /* PBXContainerItemProxy */;
		};
/* End PBXTargetDependency section */

/* Begin PBXVariantGroup section */
		1BDCDD991B7D697800B171C2 /* Main.storyboard */ = {
			isa = PBXVariantGroup;
			children = (
				1BDCDD9A1B7D697800B171C2 /* Base */,
			);
			name = Main.storyboard;
			sourceTree = "<group>";
		};
		1BDCDD9E1B7D697800B171C2 /* LaunchScreen.storyboard */ = {
			isa = PBXVariantGroup;
			children = (
				1BDCDD9F1B7D697800B171C2 /* Base */,
			);
			name = LaunchScreen.storyboard;
			sourceTree = "<group>";
		};
/* End PBXVariantGroup section */

/* Begin XCBuildConfiguration section */
		1BDCDDAD1B7D697900B171C2 /* Debug */ = {
			isa = XCBuildConfiguration;
			buildSettings = {
				ALWAYS_SEARCH_USER_PATHS = NO;
				CLANG_CXX_LANGUAGE_STANDARD = "gnu++0x";
				CLANG_CXX_LIBRARY = "libc++";
				CLANG_ENABLE_MODULES = YES;
				CLANG_ENABLE_OBJC_ARC = YES;
				CLANG_WARN_BOOL_CONVERSION = YES;
				CLANG_WARN_CONSTANT_CONVERSION = YES;
				CLANG_WARN_DIRECT_OBJC_ISA_USAGE = YES_ERROR;
				CLANG_WARN_EMPTY_BODY = YES;
				CLANG_WARN_ENUM_CONVERSION = YES;
				CLANG_WARN_INT_CONVERSION = YES;
				CLANG_WARN_OBJC_ROOT_CLASS = YES_ERROR;
				CLANG_WARN_UNREACHABLE_CODE = YES;
				CLANG_WARN__DUPLICATE_METHOD_MATCH = YES;
				"CODE_SIGN_IDENTITY[sdk=iphoneos*]" = "iPhone Developer";
				COPY_PHASE_STRIP = NO;
				DEBUG_INFORMATION_FORMAT = dwarf;
				ENABLE_STRICT_OBJC_MSGSEND = YES;
				ENABLE_TESTABILITY = YES;
				GCC_C_LANGUAGE_STANDARD = gnu99;
				GCC_DYNAMIC_NO_PIC = NO;
				GCC_NO_COMMON_BLOCKS = YES;
				GCC_OPTIMIZATION_LEVEL = 0;
				GCC_PREPROCESSOR_DEFINITIONS = (
					"DEBUG=1",
					"$(inherited)",
				);
				GCC_WARN_64_TO_32_BIT_CONVERSION = YES;
				GCC_WARN_ABOUT_RETURN_TYPE = YES_ERROR;
				GCC_WARN_UNDECLARED_SELECTOR = YES;
				GCC_WARN_UNINITIALIZED_AUTOS = YES_AGGRESSIVE;
				GCC_WARN_UNUSED_FUNCTION = YES;
				GCC_WARN_UNUSED_VARIABLE = YES;
				IPHONEOS_DEPLOYMENT_TARGET = 9.0;
				MTL_ENABLE_DEBUG_INFO = YES;
				ONLY_ACTIVE_ARCH = YES;
				SDKROOT = iphoneos;
				SWIFT_OPTIMIZATION_LEVEL = "-Onone";
			};
			name = Debug;
		};
		1BDCDDAE1B7D697900B171C2 /* Release */ = {
			isa = XCBuildConfiguration;
			buildSettings = {
				ALWAYS_SEARCH_USER_PATHS = NO;
				CLANG_CXX_LANGUAGE_STANDARD = "gnu++0x";
				CLANG_CXX_LIBRARY = "libc++";
				CLANG_ENABLE_MODULES = YES;
				CLANG_ENABLE_OBJC_ARC = YES;
				CLANG_WARN_BOOL_CONVERSION = YES;
				CLANG_WARN_CONSTANT_CONVERSION = YES;
				CLANG_WARN_DIRECT_OBJC_ISA_USAGE = YES_ERROR;
				CLANG_WARN_EMPTY_BODY = YES;
				CLANG_WARN_ENUM_CONVERSION = YES;
				CLANG_WARN_INT_CONVERSION = YES;
				CLANG_WARN_OBJC_ROOT_CLASS = YES_ERROR;
				CLANG_WARN_UNREACHABLE_CODE = YES;
				CLANG_WARN__DUPLICATE_METHOD_MATCH = YES;
				"CODE_SIGN_IDENTITY[sdk=iphoneos*]" = "iPhone Developer";
				COPY_PHASE_STRIP = NO;
				DEBUG_INFORMATION_FORMAT = "dwarf-with-dsym";
				ENABLE_NS_ASSERTIONS = NO;
				ENABLE_STRICT_OBJC_MSGSEND = YES;
				GCC_C_LANGUAGE_STANDARD = gnu99;
				GCC_NO_COMMON_BLOCKS = YES;
				GCC_WARN_64_TO_32_BIT_CONVERSION = YES;
				GCC_WARN_ABOUT_RETURN_TYPE = YES_ERROR;
				GCC_WARN_UNDECLARED_SELECTOR = YES;
				GCC_WARN_UNINITIALIZED_AUTOS = YES_AGGRESSIVE;
				GCC_WARN_UNUSED_FUNCTION = YES;
				GCC_WARN_UNUSED_VARIABLE = YES;
				IPHONEOS_DEPLOYMENT_TARGET = 9.0;
				MTL_ENABLE_DEBUG_INFO = NO;
				SDKROOT = iphoneos;
				VALIDATE_PRODUCT = YES;
			};
			name = Release;
		};
		1BDCDDB01B7D697900B171C2 /* Debug */ = {
			isa = XCBuildConfiguration;
			buildSettings = {
				ASSETCATALOG_COMPILER_APPICON_NAME = AppIcon;
				INFOPLIST_FILE = "xcode-ci/Info.plist";
				LD_RUNPATH_SEARCH_PATHS = "$(inherited) @executable_path/Frameworks";
				PRODUCT_BUNDLE_IDENTIFIER = "FiftyoneApps.xcode-ci";
				PRODUCT_NAME = "$(TARGET_NAME)";
			};
			name = Debug;
		};
		1BDCDDB11B7D697900B171C2 /* Release */ = {
			isa = XCBuildConfiguration;
			buildSettings = {
				ASSETCATALOG_COMPILER_APPICON_NAME = AppIcon;
				INFOPLIST_FILE = "xcode-ci/Info.plist";
				LD_RUNPATH_SEARCH_PATHS = "$(inherited) @executable_path/Frameworks";
				PRODUCT_BUNDLE_IDENTIFIER = "FiftyoneApps.xcode-ci";
				PRODUCT_NAME = "$(TARGET_NAME)";
			};
			name = Release;
		};
		1BDCDDB31B7D697900B171C2 /* Debug */ = {
			isa = XCBuildConfiguration;
			buildSettings = {
				BUNDLE_LOADER = "$(TEST_HOST)";
				INFOPLIST_FILE = "xcode-ciTests/Info.plist";
				LD_RUNPATH_SEARCH_PATHS = "$(inherited) @executable_path/Frameworks @loader_path/Frameworks";
				PRODUCT_BUNDLE_IDENTIFIER = "FiftyoneApps.xcode-ciTests";
				PRODUCT_NAME = "$(TARGET_NAME)";
				TEST_HOST = "$(BUILT_PRODUCTS_DIR)/xcode-ci.app/xcode-ci";
			};
			name = Debug;
		};
		1BDCDDB41B7D697900B171C2 /* Release */ = {
			isa = XCBuildConfiguration;
			buildSettings = {
				BUNDLE_LOADER = "$(TEST_HOST)";
				INFOPLIST_FILE = "xcode-ciTests/Info.plist";
				LD_RUNPATH_SEARCH_PATHS = "$(inherited) @executable_path/Frameworks @loader_path/Frameworks";
				PRODUCT_BUNDLE_IDENTIFIER = "FiftyoneApps.xcode-ciTests";
				PRODUCT_NAME = "$(TARGET_NAME)";
				TEST_HOST = "$(BUILT_PRODUCTS_DIR)/xcode-ci.app/xcode-ci";
			};
			name = Release;
		};
/* End XCBuildConfiguration section */

/* Begin XCConfigurationList section */
		1BDCDD8D1B7D697800B171C2 /* Build configuration list for PBXProject "xcode-ci" */ = {
			isa = XCConfigurationList;
			buildConfigurations = (
				1BDCDDAD1B7D697900B171C2 /* Debug */,
				1BDCDDAE1B7D697900B171C2 /* Release */,
			);
			defaultConfigurationIsVisible = 0;
			defaultConfigurationName = Release;
		};
		1BDCDDAF1B7D697900B171C2 /* Build configuration list for PBXNativeTarget "xcode-ci" */ = {
			isa = XCConfigurationList;
			buildConfigurations = (
				1BDCDDB01B7D697900B171C2 /* Debug */,
				1BDCDDB11B7D697900B171C2 /* Release */,
			);
			defaultConfigurationIsVisible = 0;
		};
		1BDCDDB21B7D697900B171C2 /* Build configuration list for PBXNativeTarget "xcode-ciTests" */ = {
			isa = XCConfigurationList;
			buildConfigurations = (
				1BDCDDB31B7D697900B171C2 /* Debug */,
				1BDCDDB41B7D697900B171C2 /* Release */,
			);
			defaultConfigurationIsVisible = 0;
		};
/* End XCConfigurationList section */
	};
	rootObject = 1BDCDD8A1B7D697800B171C2 /* Project object */;
}
